
Microsoft Visual Studio Solution File, Format Version 12.00
# Visual Studio Version 17
VisualStudioVersion = 17.1.32210.238
MinimumVisualStudioVersion = 10.0.40219.1
Project("{FAE04EC0-301F-11D3-BF4B-00C04F79EFBC}") = "REWENIE.Android", "REWENIE.Android\REWENIE.Android.csproj", "{BFDD7A8C-F6B6-4063-A4CB-A73F73015032}"
EndProject
Project("{9A19103F-16F7-4668-BE54-9A1E7A4F7556}") = "REWENIE", "REWENIE\REWENIE.csproj", "{B481A1D8-6917-4657-97A5-895AA5F4F569}"
EndProject
Project("{2150E333-8FDC-42A3-9474-1A3956D46DE8}") = "Solution Items", "Solution Items", "{F5142CA5-B7F9-424A-85A5-11DE32BD9FD2}"
EndProject
Global
	GlobalSection(SolutionConfigurationPlatforms) = preSolution
		Debug|Any CPU = Debug|Any CPU
		Release|Any CPU = Release|Any CPU
	EndGlobalSection
	GlobalSection(ProjectConfigurationPlatforms) = postSolution
		{BFDD7A8C-F6B6-4063-A4CB-A73F73015032}.Debug|Any CPU.ActiveCfg = Debug|Any CPU
		{BFDD7A8C-F6B6-4063-A4CB-A73F73015032}.Debug|Any CPU.Build.0 = Debug|Any CPU
		{BFDD7A8C-F6B6-4063-A4CB-A73F73015032}.Debug|Any CPU.Deploy.0 = Debug|Any CPU
		{BFDD7A8C-F6B6-4063-A4CB-A73F73015032}.Release|Any CPU.ActiveCfg = Release|Any CPU
		{BFDD7A8C-F6B6-4063-A4CB-A73F73015032}.Release|Any CPU.Build.0 = Release|Any CPU
		{BFDD7A8C-F6B6-4063-A4CB-A73F73015032}.Release|Any CPU.Deploy.0 = Release|Any CPU
		{B481A1D8-6917-4657-97A5-895AA5F4F569}.Debug|Any CPU.ActiveCfg = Debug|Any CPU
		{B481A1D8-6917-4657-97A5-895AA5F4F569}.Debug|Any CPU.Build.0 = Debug|Any CPU
		{B481A1D8-6917-4657-97A5-895AA5F4F569}.Debug|Any CPU.Deploy.0 = Debug|Any CPU
		{B481A1D8-6917-4657-97A5-895AA5F4F569}.Release|Any CPU.ActiveCfg = Release|Any CPU
		{B481A1D8-6917-4657-97A5-895AA5F4F569}.Release|Any CPU.Build.0 = Release|Any CPU
		{B481A1D8-6917-4657-97A5-895AA5F4F569}.Release|Any CPU.Deploy.0 = Release|Any CPU
	EndGlobalSection
	GlobalSection(SolutionProperties) = preSolution
		HideSolutionNode = FALSE
	EndGlobalSection
	GlobalSection(ExtensibilityGlobals) = postSolution
		SolutionGuid = {81ACC79A-160F-4C4E-A6E8-0DC034C4C1C5}
	EndGlobalSection
EndGlobal
